
Microsoft Visual Studio Solution File, Format Version 12.00
# Visual Studio Version 16
VisualStudioVersion = 16.0.29728.190
MinimumVisualStudioVersion = 10.0.40219.1
Project("{9A19103F-16F7-4668-BE54-9A1E7A4F7556}") = "EmployeeManagement", "EmployeeManagement.csproj", "{CA39A8A5-6913-4C68-BD3A-C4CD0BDD5A59}"
EndProject
Project("{9A19103F-16F7-4668-BE54-9A1E7A4F7556}") = "TestingConcepts", "..\TestingConcepts\TestingConcepts.csproj", "{36F71E8D-07E9-444E-92A6-3838DBBFD004}"
EndProject
Global
	GlobalSection(SolutionConfigurationPlatforms) = preSolution
		Debug|Any CPU = Debug|Any CPU
		Release|Any CPU = Release|Any CPU
	EndGlobalSection
	GlobalSection(ProjectConfigurationPlatforms) = postSolution
		{CA39A8A5-6913-4C68-BD3A-C4CD0BDD5A59}.Debug|Any CPU.ActiveCfg = Debug|Any CPU
		{CA39A8A5-6913-4C68-BD3A-C4CD0BDD5A59}.Debug|Any CPU.Build.0 = Debug|Any CPU
		{CA39A8A5-6913-4C68-BD3A-C4CD0BDD5A59}.Release|Any CPU.ActiveCfg = Release|Any CPU
		{CA39A8A5-6913-4C68-BD3A-C4CD0BDD5A59}.Release|Any CPU.Build.0 = Release|Any CPU
		{36F71E8D-07E9-444E-92A6-3838DBBFD004}.Debug|Any CPU.ActiveCfg = Debug|Any CPU
		{36F71E8D-07E9-444E-92A6-3838DBBFD004}.Debug|Any CPU.Build.0 = Debug|Any CPU
		{36F71E8D-07E9-444E-92A6-3838DBBFD004}.Release|Any CPU.ActiveCfg = Release|Any CPU
		{36F71E8D-07E9-444E-92A6-3838DBBFD004}.Release|Any CPU.Build.0 = Release|Any CPU
	EndGlobalSection
	GlobalSection(SolutionProperties) = preSolution
		HideSolutionNode = FALSE
	EndGlobalSection
	GlobalSection(ExtensibilityGlobals) = postSolution
		SolutionGuid = {8747F58B-A86E-4AF8-BD48-907E3B20E7E5}
	EndGlobalSection
EndGlobal
